
Microsoft Visual Studio Solution File, Format Version 12.00
# Visual Studio Version 17
VisualStudioVersion = 17.3.32929.385
MinimumVisualStudioVersion = 10.0.40219.1
Project("{FAE04EC0-301F-11D3-BF4B-00C04F79EFBC}") = "DxDiagReader", "DxDiagReader\DxDiagReader.csproj", "{41752EB5-229A-4D39-8050-79EC1B7DEE66}"
EndProject
Global
	GlobalSection(SolutionConfigurationPlatforms) = preSolution
		Debug|Any CPU = Debug|Any CPU
		Release|Any CPU = Release|Any CPU
	EndGlobalSection
	GlobalSection(ProjectConfigurationPlatforms) = postSolution
		{41752EB5-229A-4D39-8050-79EC1B7DEE66}.Debug|Any CPU.ActiveCfg = Debug|Any CPU
		{41752EB5-229A-4D39-8050-79EC1B7DEE66}.Debug|Any CPU.Build.0 = Debug|Any CPU
		{41752EB5-229A-4D39-8050-79EC1B7DEE66}.Release|Any CPU.ActiveCfg = Release|Any CPU
		{41752EB5-229A-4D39-8050-79EC1B7DEE66}.Release|Any CPU.Build.0 = Release|Any CPU
	EndGlobalSection
	GlobalSection(SolutionProperties) = preSolution
		HideSolutionNode = FALSE
	EndGlobalSection
	GlobalSection(ExtensibilityGlobals) = postSolution
		SolutionGuid = {35B937D6-9C67-426A-AB4F-E4C4F1B05F02}
	EndGlobalSection
EndGlobal
